
Microsoft Visual Studio Solution File, Format Version 12.00
# Visual Studio Version 17
VisualStudioVersion = 17.11.35219.272
MinimumVisualStudioVersion = 10.0.40219.1
Project("{FAE04EC0-301F-11D3-BF4B-00C04F79EFBC}") = "clubnuevo", "clubnuevo\clubnuevo.csproj", "{496F94D7-C0AA-4F18-A424-00DBA735428B}"
EndProject
Global
	GlobalSection(SolutionConfigurationPlatforms) = preSolution
		Debug|Any CPU = Debug|Any CPU
		Release|Any CPU = Release|Any CPU
	EndGlobalSection
	GlobalSection(ProjectConfigurationPlatforms) = postSolution
		{496F94D7-C0AA-4F18-A424-00DBA735428B}.Debug|Any CPU.ActiveCfg = Debug|Any CPU
		{496F94D7-C0AA-4F18-A424-00DBA735428B}.Debug|Any CPU.Build.0 = Debug|Any CPU
		{496F94D7-C0AA-4F18-A424-00DBA735428B}.Release|Any CPU.ActiveCfg = Release|Any CPU
		{496F94D7-C0AA-4F18-A424-00DBA735428B}.Release|Any CPU.Build.0 = Release|Any CPU
	EndGlobalSection
	GlobalSection(SolutionProperties) = preSolution
		HideSolutionNode = FALSE
	EndGlobalSection
	GlobalSection(ExtensibilityGlobals) = postSolution
		SolutionGuid = {2A405551-9E63-4896-8924-D97862470F61}
	EndGlobalSection
EndGlobal
