
Microsoft Visual Studio Solution File, Format Version 12.00
# Visual Studio Version 17
VisualStudioVersion = 17.11.35303.130
MinimumVisualStudioVersion = 10.0.40219.1
Project("{FAE04EC0-301F-11D3-BF4B-00C04F79EFBC}") = "ClubDeportivo", "ClubDeportivo\ClubDeportivo.csproj", "{21DCA0DC-51B0-4498-A4F3-69DE84120DCD}"
EndProject
Global
	GlobalSection(SolutionConfigurationPlatforms) = preSolution
		Debug|Any CPU = Debug|Any CPU
		Release|Any CPU = Release|Any CPU
	EndGlobalSection
	GlobalSection(ProjectConfigurationPlatforms) = postSolution
		{21DCA0DC-51B0-4498-A4F3-69DE84120DCD}.Debug|Any CPU.ActiveCfg = Debug|Any CPU
		{21DCA0DC-51B0-4498-A4F3-69DE84120DCD}.Debug|Any CPU.Build.0 = Debug|Any CPU
		{21DCA0DC-51B0-4498-A4F3-69DE84120DCD}.Release|Any CPU.ActiveCfg = Release|Any CPU
		{21DCA0DC-51B0-4498-A4F3-69DE84120DCD}.Release|Any CPU.Build.0 = Release|Any CPU
	EndGlobalSection
	GlobalSection(SolutionProperties) = preSolution
		HideSolutionNode = FALSE
	EndGlobalSection
	GlobalSection(ExtensibilityGlobals) = postSolution
		SolutionGuid = {BA51EADF-27D7-44D4-9B04-85C1193F38A6}
	EndGlobalSection
EndGlobal
